
Microsoft Visual Studio Solution File, Format Version 12.00
# Visual Studio Version 16
VisualStudioVersion = 16.0.30128.74
MinimumVisualStudioVersion = 10.0.40219.1
Project("{FAE04EC0-301F-11D3-BF4B-00C04F79EFBC}") = "Zoom Visitor's statistic", "Zoom Visitor's statistic\Zoom Visitor's statistic.csproj", "{67513209-891B-4400-9F49-0CF7B8BC5959}"
EndProject
Global
	GlobalSection(SolutionConfigurationPlatforms) = preSolution
		Debug|Any CPU = Debug|Any CPU
		Debug|x64 = Debug|x64
		Release|Any CPU = Release|Any CPU
		Release|x64 = Release|x64
	EndGlobalSection
	GlobalSection(ProjectConfigurationPlatforms) = postSolution
		{67513209-891B-4400-9F49-0CF7B8BC5959}.Debug|Any CPU.ActiveCfg = Debug|Any CPU
		{67513209-891B-4400-9F49-0CF7B8BC5959}.Debug|Any CPU.Build.0 = Debug|Any CPU
		{67513209-891B-4400-9F49-0CF7B8BC5959}.Debug|x64.ActiveCfg = Debug|x64
		{67513209-891B-4400-9F49-0CF7B8BC5959}.Debug|x64.Build.0 = Debug|x64
		{67513209-891B-4400-9F49-0CF7B8BC5959}.Release|Any CPU.ActiveCfg = Release|Any CPU
		{67513209-891B-4400-9F49-0CF7B8BC5959}.Release|Any CPU.Build.0 = Release|Any CPU
		{67513209-891B-4400-9F49-0CF7B8BC5959}.Release|x64.ActiveCfg = Release|x64
		{67513209-891B-4400-9F49-0CF7B8BC5959}.Release|x64.Build.0 = Release|x64
	EndGlobalSection
	GlobalSection(SolutionProperties) = preSolution
		HideSolutionNode = FALSE
	EndGlobalSection
	GlobalSection(ExtensibilityGlobals) = postSolution
		SolutionGuid = {1C0CC47C-5314-4162-AFAA-18FE18FA7321}
	EndGlobalSection
EndGlobal
